// !$*UTF8*$!
{
	archiveVersion = 1;
	classes = {
	};
	objectVersion = 46;
	objects = {

/* Begin PBXBuildFile section */
		271B74D51CAC642600D06E0E /* AppDelegate.swift in Sources */ = {isa = PBXBuildFile; fileRef = 271B74D41CAC642600D06E0E /* AppDelegate.swift */; };
		271B74D71CAC642600D06E0E /* ViewController.swift in Sources */ = {isa = PBXBuildFile; fileRef = 271B74D61CAC642600D06E0E /* ViewController.swift */; };
		271B74DA1CAC642600D06E0E /* Main.storyboard in Resources */ = {isa = PBXBuildFile; fileRef = 271B74D81CAC642600D06E0E /* Main.storyboard */; };
		271B74DC1CAC642600D06E0E /* Assets.xcassets in Resources */ = {isa = PBXBuildFile; fileRef = 271B74DB1CAC642600D06E0E /* Assets.xcassets */; };
		271B74DF1CAC642600D06E0E /* LaunchScreen.storyboard in Resources */ = {isa = PBXBuildFile; fileRef = 271B74DD1CAC642600D06E0E /* LaunchScreen.storyboard */; };
/* End PBXBuildFile section */

/* Begin PBXFileReference section */
		271B74D11CAC642600D06E0E /* A3 Study Stopwatch.app */ = {isa = PBXFileReference; explicitFileType = wrapper.application; includeInIndex = 0; path = "A3 Study Stopwatch.app"; sourceTree = BUILT_PRODUCTS_DIR; };
		271B74D41CAC642600D06E0E /* AppDelegate.swift */ = {isa = PBXFileReference; lastKnownFileType = sourcecode.swift; path = AppDelegate.swift; sourceTree = "<group>"; };
		271B74D61CAC642600D06E0E /* ViewController.swift */ = {isa = PBXFileReference; lastKnownFileType = sourcecode.swift; path = ViewController.swift; sourceTree = "<group>"; };
		271B74D91CAC642600D06E0E /* Base */ = {isa = PBXFileReference; lastKnownFileType = file.storyboard; name = Base; path = Base.lproj/Main.storyboard; sourceTree = "<group>"; };
		271B74DB1CAC642600D06E0E /* Assets.xcassets */ = {isa = PBXFileReference; lastKnownFileType = folder.assetcatalog; path = Assets.xcassets; sourceTree = "<group>"; };
		271B74DE1CAC642600D06E0E /* Base */ = {isa = PBXFileReference; lastKnownFileType = file.storyboard; name = Base; path = Base.lproj/LaunchScreen.storyboard; sourceTree = "<group>"; };
		271B74E01CAC642600D06E0E /* Info.plist */ = {isa = PBXFileReference; lastKnownFileType = text.plist.xml; path = Info.plist; sourceTree = "<group>"; };
/* End PBXFileReference section */

/* Begin PBXFrameworksBuildPhase section */
		271B74CE1CAC642600D06E0E /* Frameworks */ = {
			isa = PBXFrameworksBuildPhase;
			buildActionMask = 2147483647;
			files = (
			);
			runOnlyForDeploymentPostprocessing = 0;
		};
/* End PBXFrameworksBuildPhase section */

/* Begin PBXGroup section */
		271B74C81CAC642600D06E0E = {
			isa = PBXGroup;
			children = (
				271B74D31CAC642600D06E0E /* A3 Study Stopwatch */,
				271B74D21CAC642600D06E0E /* Products */,
			);
			sourceTree = "<group>";
		};
		271B74D21CAC642600D06E0E /* Products */ = {
			isa = PBXGroup;
			children = (
				271B74D11CAC642600D06E0E /* A3 Study Stopwatch.app */,
			);
			name = Products;
			sourceTree = "<group>";
		};
		271B74D31CAC642600D06E0E /* A3 Study Stopwatch */ = {
			isa = PBXGroup;
			children = (
				271B74D41CAC642600D06E0E /* AppDelegate.swift */,
				271B74D61CAC642600D06E0E /* ViewController.swift */,
				271B74D81CAC642600D06E0E /* Main.storyboard */,
				271B74DB1CAC642600D06E0E /* Assets.xcassets */,
				271B74DD1CAC642600D06E0E /* LaunchScreen.storyboard */,
				271B74E01CAC642600D06E0E /* Info.plist */,
			);
			path = "A3 Study Stopwatch";
			sourceTree = "<group>";
		};
/* End PBXGroup section */

/* Begin PBXNativeTarget section */
		271B74D01CAC642600D06E0E /* A3 Study Stopwatch */ = {
			isa = PBXNativeTarget;
			buildConfigurationList = 271B74E31CAC642600D06E0E /* Build configuration list for PBXNativeTarget "A3 Study Stopwatch" */;
			buildPhases = (
				271B74CD1CAC642600D06E0E /* Sources */,
				271B74CE1CAC642600D06E0E /* Frameworks */,
				271B74CF1CAC642600D06E0E /* Resources */,
			);
			buildRules = (
			);
			dependencies = (
			);
			name = "A3 Study Stopwatch";
			productName = "A3 Study Stopwatch";
			productReference = 271B74D11CAC642600D06E0E /* A3 Study Stopwatch.app */;
			productType = "com.apple.product-type.application";
		};
/* End PBXNativeTarget section */

/* Begin PBXProject section */
		271B74C91CAC642600D06E0E /* Project object */ = {
			isa = PBXProject;
			attributes = {
				LastSwiftUpdateCheck = 0720;
				LastUpgradeCheck = 0720;
				ORGANIZATIONNAME = ThornTech;
				TargetAttributes = {
					271B74D01CAC642600D06E0E = {
						CreatedOnToolsVersion = 7.2.1;
					};
				};
			};
			buildConfigurationList = 271B74CC1CAC642600D06E0E /* Build configuration list for PBXProject "A3 Study Stopwatch" */;
			compatibilityVersion = "Xcode 3.2";
			developmentRegion = English;
			hasScannedForEncodings = 0;
			knownRegions = (
				en,
				Base,
			);
			mainGroup = 271B74C81CAC642600D06E0E;
			productRefGroup = 271B74D21CAC642600D06E0E /* Products */;
			projectDirPath = "";
			projectRoot = "";
			targets = (
				271B74D01CAC642600D06E0E /* A3 Study Stopwatch */,
			);
		};
/* End PBXProject section */

/* Begin PBXResourcesBuildPhase section */
		271B74CF1CAC642600D06E0E /* Resources */ = {
			isa = PBXResourcesBuildPhase;
			buildActionMask = 2147483647;
			files = (
				271B74DF1CAC642600D06E0E /* LaunchScreen.storyboard in Resources */,
				271B74DC1CAC642600D06E0E /* Assets.xcassets in Resources */,
				271B74DA1CAC642600D06E0E /* Main.storyboard in Resources */,
			);
			runOnlyForDeploymentPostprocessing = 0;
		};
/* End PBXResourcesBuildPhase section */

/* Begin PBXSourcesBuildPhase section */
		271B74CD1CAC642600D06E0E /* Sources */ = {
			isa = PBXSourcesBuildPhase;
			buildActionMask = 2147483647;
			files = (
				271B74D71CAC642600D06E0E /* ViewController.swift in Sources */,
				271B74D51CAC642600D06E0E /* AppDelegate.swift in Sources */,
			);
			runOnlyForDeploymentPostprocessing = 0;
		};
/* End PBXSourcesBuildPhase section */

/* Begin PBXVariantGroup section */
		271B74D81CAC642600D06E0E /* Main.storyboard */ = {
			isa = PBXVariantGroup;
			children = (
				271B74D91CAC642600D06E0E /* Base */,
			);
			name = Main.storyboard;
			sourceTree = "<group>";
		};
		271B74DD1CAC642600D06E0E /* LaunchScreen.storyboard */ = {
			isa = PBXVariantGroup;
			children = (
				271B74DE1CAC642600D06E0E /* Base */,
			);
			name = LaunchScreen.storyboard;
			sourceTree = "<group>";
		};
/* End PBXVariantGroup section */

/* Begin XCBuildConfiguration section */
		271B74E11CAC642600D06E0E /* Debug */ = {
			isa = XCBuildConfiguration;
			buildSettings = {
				ALWAYS_SEARCH_USER_PATHS = NO;
				CLANG_CXX_LANGUAGE_STANDARD = "gnu++0x";
				CLANG_CXX_LIBRARY = "libc++";
				CLANG_ENABLE_MODULES = YES;
				CLANG_ENABLE_OBJC_ARC = YES;
				CLANG_WARN_BOOL_CONVERSION = YES;
				CLANG_WARN_CONSTANT_CONVERSION = YES;
				CLANG_WARN_DIRECT_OBJC_ISA_USAGE = YES_ERROR;
				CLANG_WARN_EMPTY_BODY = YES;
				CLANG_WARN_ENUM_CONVERSION = YES;
				CLANG_WARN_INT_CONVERSION = YES;
				CLANG_WARN_OBJC_ROOT_CLASS = YES_ERROR;
				CLANG_WARN_UNREACHABLE_CODE = YES;
				CLANG_WARN__DUPLICATE_METHOD_MATCH = YES;
				"CODE_SIGN_IDENTITY[sdk=iphoneos*]" = "iPhone Developer";
				COPY_PHASE_STRIP = NO;
				DEBUG_INFORMATION_FORMAT = dwarf;
				ENABLE_STRICT_OBJC_MSGSEND = YES;
				ENABLE_TESTABILITY = YES;
				GCC_C_LANGUAGE_STANDARD = gnu99;
				GCC_DYNAMIC_NO_PIC = NO;
				GCC_NO_COMMON_BLOCKS = YES;
				GCC_OPTIMIZATION_LEVEL = 0;
				GCC_PREPROCESSOR_DEFINITIONS = (
					"DEBUG=1",
					"$(inherited)",
				);
				GCC_WARN_64_TO_32_BIT_CONVERSION = YES;
				GCC_WARN_ABOUT_RETURN_TYPE = YES_ERROR;
				GCC_WARN_UNDECLARED_SELECTOR = YES;
				GCC_WARN_UNINITIALIZED_AUTOS = YES_AGGRESSIVE;
				GCC_WARN_UNUSED_FUNCTION = YES;
				GCC_WARN_UNUSED_VARIABLE = YES;
				IPHONEOS_DEPLOYMENT_TARGET = 9.2;
				MTL_ENABLE_DEBUG_INFO = YES;
				ONLY_ACTIVE_ARCH = YES;
				SDKROOT = iphoneos;
				SWIFT_OPTIMIZATION_LEVEL = "-Onone";
			};
			name = Debug;
		};
		271B74E21CAC642600D06E0E /* Release */ = {
			isa = XCBuildConfiguration;
			buildSettings = {
				ALWAYS_SEARCH_USER_PATHS = NO;
				CLANG_CXX_LANGUAGE_STANDARD = "gnu++0x";
				CLANG_CXX_LIBRARY = "libc++";
				CLANG_ENABLE_MODULES = YES;
				CLANG_ENABLE_OBJC_ARC = YES;
				CLANG_WARN_BOOL_CONVERSION = YES;
				CLANG_WARN_CONSTANT_CONVERSION = YES;
				CLANG_WARN_DIRECT_OBJC_ISA_USAGE = YES_ERROR;
				CLANG_WARN_EMPTY_BODY = YES;
				CLANG_WARN_ENUM_CONVERSION = YES;
				CLANG_WARN_INT_CONVERSION = YES;
				CLANG_WARN_OBJC_ROOT_CLASS = YES_ERROR;
				CLANG_WARN_UNREACHABLE_CODE = YES;
				CLANG_WARN__DUPLICATE_METHOD_MATCH = YES;
				"CODE_SIGN_IDENTITY[sdk=iphoneos*]" = "iPhone Developer";
				COPY_PHASE_STRIP = NO;
				DEBUG_INFORMATION_FORMAT = "dwarf-with-dsym";
				ENABLE_NS_ASSERTIONS = NO;
				ENABLE_STRICT_OBJC_MSGSEND = YES;
				GCC_C_LANGUAGE_STANDARD = gnu99;
				GCC_NO_COMMON_BLOCKS = YES;
				GCC_WARN_64_TO_32_BIT_CONVERSION = YES;
				GCC_WARN_ABOUT_RETURN_TYPE = YES_ERROR;
				GCC_WARN_UNDECLARED_SELECTOR = YES;
				GCC_WARN_UNINITIALIZED_AUTOS = YES_AGGRESSIVE;
				GCC_WARN_UNUSED_FUNCTION = YES;
				GCC_WARN_UNUSED_VARIABLE = YES;
				IPHONEOS_DEPLOYMENT_TARGET = 9.2;
				MTL_ENABLE_DEBUG_INFO = NO;
				SDKROOT = iphoneos;
				VALIDATE_PRODUCT = YES;
			};
			name = Release;
		};
		271B74E41CAC642600D06E0E /* Debug */ = {
			isa = XCBuildConfiguration;
			buildSettings = {
				ASSETCATALOG_COMPILER_APPICON_NAME = AppIcon;
				INFOPLIST_FILE = "A3 Study Stopwatch/Info.plist";
				LD_RUNPATH_SEARCH_PATHS = "$(inherited) @executable_path/Frameworks";
				PRODUCT_BUNDLE_IDENTIFIER = "com.ThornTech.A3-Study-Stopwatch";
				PRODUCT_NAME = "$(TARGET_NAME)";
			};
			name = Debug;
		};
		271B74E51CAC642600D06E0E /* Release */ = {
			isa = XCBuildConfiguration;
			buildSettings = {
				ASSETCATALOG_COMPILER_APPICON_NAME = AppIcon;
				INFOPLIST_FILE = "A3 Study Stopwatch/Info.plist";
				LD_RUNPATH_SEARCH_PATHS = "$(inherited) @executable_path/Frameworks";
				PRODUCT_BUNDLE_IDENTIFIER = "com.ThornTech.A3-Study-Stopwatch";
				PRODUCT_NAME = "$(TARGET_NAME)";
			};
			name = Release;
		};
/* End XCBuildConfiguration section */

/* Begin XCConfigurationList section */
		271B74CC1CAC642600D06E0E /* Build configuration list for PBXProject "A3 Study Stopwatch" */ = {
			isa = XCConfigurationList;
			buildConfigurations = (
				271B74E11CAC642600D06E0E /* Debug */,
				271B74E21CAC642600D06E0E /* Release */,
			);
			defaultConfigurationIsVisible = 0;
			defaultConfigurationName = Release;
		};
		271B74E31CAC642600D06E0E /* Build configuration list for PBXNativeTarget "A3 Study Stopwatch" */ = {
			isa = XCConfigurationList;
			buildConfigurations = (
				271B74E41CAC642600D06E0E /* Debug */,
				271B74E51CAC642600D06E0E /* Release */,
			);
			defaultConfigurationIsVisible = 0;
		};
/* End XCConfigurationList section */
	};
	rootObject = 271B74C91CAC642600D06E0E /* Project object */;
}
